
Microsoft Visual Studio Solution File, Format Version 12.00
Project("{2150E333-8FDC-42A3-9474-1A3956D46DE8}") = "DAL", "DAL", "{B78ED573-655D-4599-8AAA-62A99DB04742}"
EndProject
Project("{2150E333-8FDC-42A3-9474-1A3956D46DE8}") = "Domain", "Domain", "{6FB6EDAB-683E-4CFA-AEE6-6C751F2BF292}"
EndProject
Project("{FAE04EC0-301F-11D3-BF4B-00C04F79EFBC}") = "Domain.Identity", "Domain.Identity\Domain.Identity.csproj", "{1C3284A6-0ECE-4D9A-A878-ACFE47297060}"
EndProject
Project("{FAE04EC0-301F-11D3-BF4B-00C04F79EFBC}") = "Domain.Recipes", "Domain.Recipes\Domain.Recipes.csproj", "{C26BD539-A311-416C-97A7-64BCD879B5BE}"
EndProject
Project("{2150E333-8FDC-42A3-9474-1A3956D46DE8}") = "BL", "BL", "{E248CC5A-160C-4EAB-B94F-69664D0AB8DF}"
EndProject
Project("{FAE04EC0-301F-11D3-BF4B-00C04F79EFBC}") = "BL.Core", "BL.Core\BL.Core.csproj", "{9299B32C-2084-450B-990B-0BD94FB735EE}"
EndProject
Project("{2150E333-8FDC-42A3-9474-1A3956D46DE8}") = "Runnable", "Runnable", "{CEC0CCF4-0692-4C29-81A6-1FA1AAC1C0FC}"
EndProject
Project("{FAE04EC0-301F-11D3-BF4B-00C04F79EFBC}") = "Runnable.API", "Runnable.API\Runnable.API.csproj", "{1A527010-B897-4CAB-8AF9-54D122900D8D}"
EndProject
Project("{FAE04EC0-301F-11D3-BF4B-00C04F79EFBC}") = "DAL.Core", "DAL.Core\DAL.Core.csproj", "{6014E889-579F-44F3-B0AE-A53085D9191A}"
EndProject
Project("{FAE04EC0-301F-11D3-BF4B-00C04F79EFBC}") = "Domain.Core", "Domain.Core\Domain.Core.csproj", "{E777CEDD-8C1F-424D-B440-2C4DBAFEA1D4}"
EndProject
Project("{FAE04EC0-301F-11D3-BF4B-00C04F79EFBC}") = "DAL.Sqlite", "DAL.Sqlite\DAL.Sqlite.csproj", "{10D5D53D-DAF4-46B0-B759-66FA2F1AA88A}"
EndProject
Project("{FAE04EC0-301F-11D3-BF4B-00C04F79EFBC}") = "BL.Identity", "BL.Identity\BL.Identity.csproj", "{10424548-6F53-4C95-B90C-887CD8381147}"
EndProject
Project("{FAE04EC0-301F-11D3-BF4B-00C04F79EFBC}") = "Domain.Picker", "Domain.Picker\Domain.Picker.csproj", "{A9AD8DCF-2AE0-448A-9911-254AF9092643}"
EndProject
Project("{FAE04EC0-301F-11D3-BF4B-00C04F79EFBC}") = "BL.OpenAi.Scraper", "BL.OpenAi.Scraper\BL.OpenAi.Scraper.csproj", "{78AF135F-1795-4DEA-8E82-59122D5E6AC8}"
EndProject
Project("{FAE04EC0-301F-11D3-BF4B-00C04F79EFBC}") = "DAL.Memory", "DAL.Memory\DAL.Memory.csproj", "{960AF960-C4D5-45E7-B992-9C22DDC0A75A}"
EndProject
Project("{2150E333-8FDC-42A3-9474-1A3956D46DE8}") = "Tests", "Tests", "{E9F791CD-E659-4C14-B5D5-A814D3E6347F}"
EndProject
Project("{FAE04EC0-301F-11D3-BF4B-00C04F79EFBC}") = "Tests.Infrastructure", "Tests.Infrastructure\Tests.Infrastructure.csproj", "{E3C38A27-1A11-48F8-889E-7838498C094C}"
EndProject
Global
	GlobalSection(SolutionConfigurationPlatforms) = preSolution
		Debug|Any CPU = Debug|Any CPU
		Release|Any CPU = Release|Any CPU
	EndGlobalSection
	GlobalSection(NestedProjects) = preSolution
		{1C3284A6-0ECE-4D9A-A878-ACFE47297060} = {6FB6EDAB-683E-4CFA-AEE6-6C751F2BF292}
		{C26BD539-A311-416C-97A7-64BCD879B5BE} = {6FB6EDAB-683E-4CFA-AEE6-6C751F2BF292}
		{9299B32C-2084-450B-990B-0BD94FB735EE} = {E248CC5A-160C-4EAB-B94F-69664D0AB8DF}
		{1A527010-B897-4CAB-8AF9-54D122900D8D} = {CEC0CCF4-0692-4C29-81A6-1FA1AAC1C0FC}
		{6014E889-579F-44F3-B0AE-A53085D9191A} = {B78ED573-655D-4599-8AAA-62A99DB04742}
		{E777CEDD-8C1F-424D-B440-2C4DBAFEA1D4} = {6FB6EDAB-683E-4CFA-AEE6-6C751F2BF292}
		{10D5D53D-DAF4-46B0-B759-66FA2F1AA88A} = {B78ED573-655D-4599-8AAA-62A99DB04742}
		{10424548-6F53-4C95-B90C-887CD8381147} = {E248CC5A-160C-4EAB-B94F-69664D0AB8DF}
		{A9AD8DCF-2AE0-448A-9911-254AF9092643} = {6FB6EDAB-683E-4CFA-AEE6-6C751F2BF292}
		{78AF135F-1795-4DEA-8E82-59122D5E6AC8} = {E248CC5A-160C-4EAB-B94F-69664D0AB8DF}
		{960AF960-C4D5-45E7-B992-9C22DDC0A75A} = {B78ED573-655D-4599-8AAA-62A99DB04742}
		{E3C38A27-1A11-48F8-889E-7838498C094C} = {E9F791CD-E659-4C14-B5D5-A814D3E6347F}
	EndGlobalSection
	GlobalSection(ProjectConfigurationPlatforms) = postSolution
		{1C3284A6-0ECE-4D9A-A878-ACFE47297060}.Debug|Any CPU.ActiveCfg = Debug|Any CPU
		{1C3284A6-0ECE-4D9A-A878-ACFE47297060}.Debug|Any CPU.Build.0 = Debug|Any CPU
		{1C3284A6-0ECE-4D9A-A878-ACFE47297060}.Release|Any CPU.ActiveCfg = Release|Any CPU
		{1C3284A6-0ECE-4D9A-A878-ACFE47297060}.Release|Any CPU.Build.0 = Release|Any CPU
		{C26BD539-A311-416C-97A7-64BCD879B5BE}.Debug|Any CPU.ActiveCfg = Debug|Any CPU
		{C26BD539-A311-416C-97A7-64BCD879B5BE}.Debug|Any CPU.Build.0 = Debug|Any CPU
		{C26BD539-A311-416C-97A7-64BCD879B5BE}.Release|Any CPU.ActiveCfg = Release|Any CPU
		{C26BD539-A311-416C-97A7-64BCD879B5BE}.Release|Any CPU.Build.0 = Release|Any CPU
		{9299B32C-2084-450B-990B-0BD94FB735EE}.Debug|Any CPU.ActiveCfg = Debug|Any CPU
		{9299B32C-2084-450B-990B-0BD94FB735EE}.Debug|Any CPU.Build.0 = Debug|Any CPU
		{9299B32C-2084-450B-990B-0BD94FB735EE}.Release|Any CPU.ActiveCfg = Release|Any CPU
		{9299B32C-2084-450B-990B-0BD94FB735EE}.Release|Any CPU.Build.0 = Release|Any CPU
		{1A527010-B897-4CAB-8AF9-54D122900D8D}.Debug|Any CPU.ActiveCfg = Debug|Any CPU
		{1A527010-B897-4CAB-8AF9-54D122900D8D}.Debug|Any CPU.Build.0 = Debug|Any CPU
		{1A527010-B897-4CAB-8AF9-54D122900D8D}.Release|Any CPU.ActiveCfg = Release|Any CPU
		{1A527010-B897-4CAB-8AF9-54D122900D8D}.Release|Any CPU.Build.0 = Release|Any CPU
		{6014E889-579F-44F3-B0AE-A53085D9191A}.Debug|Any CPU.ActiveCfg = Debug|Any CPU
		{6014E889-579F-44F3-B0AE-A53085D9191A}.Debug|Any CPU.Build.0 = Debug|Any CPU
		{6014E889-579F-44F3-B0AE-A53085D9191A}.Release|Any CPU.ActiveCfg = Release|Any CPU
		{6014E889-579F-44F3-B0AE-A53085D9191A}.Release|Any CPU.Build.0 = Release|Any CPU
		{E777CEDD-8C1F-424D-B440-2C4DBAFEA1D4}.Debug|Any CPU.ActiveCfg = Debug|Any CPU
		{E777CEDD-8C1F-424D-B440-2C4DBAFEA1D4}.Debug|Any CPU.Build.0 = Debug|Any CPU
		{E777CEDD-8C1F-424D-B440-2C4DBAFEA1D4}.Release|Any CPU.ActiveCfg = Release|Any CPU
		{E777CEDD-8C1F-424D-B440-2C4DBAFEA1D4}.Release|Any CPU.Build.0 = Release|Any CPU
		{10D5D53D-DAF4-46B0-B759-66FA2F1AA88A}.Debug|Any CPU.ActiveCfg = Debug|Any CPU
		{10D5D53D-DAF4-46B0-B759-66FA2F1AA88A}.Debug|Any CPU.Build.0 = Debug|Any CPU
		{10D5D53D-DAF4-46B0-B759-66FA2F1AA88A}.Release|Any CPU.ActiveCfg = Release|Any CPU
		{10D5D53D-DAF4-46B0-B759-66FA2F1AA88A}.Release|Any CPU.Build.0 = Release|Any CPU
		{10424548-6F53-4C95-B90C-887CD8381147}.Debug|Any CPU.ActiveCfg = Debug|Any CPU
		{10424548-6F53-4C95-B90C-887CD8381147}.Debug|Any CPU.Build.0 = Debug|Any CPU
		{10424548-6F53-4C95-B90C-887CD8381147}.Release|Any CPU.ActiveCfg = Release|Any CPU
		{10424548-6F53-4C95-B90C-887CD8381147}.Release|Any CPU.Build.0 = Release|Any CPU
		{A9AD8DCF-2AE0-448A-9911-254AF9092643}.Debug|Any CPU.ActiveCfg = Debug|Any CPU
		{A9AD8DCF-2AE0-448A-9911-254AF9092643}.Debug|Any CPU.Build.0 = Debug|Any CPU
		{A9AD8DCF-2AE0-448A-9911-254AF9092643}.Release|Any CPU.ActiveCfg = Release|Any CPU
		{A9AD8DCF-2AE0-448A-9911-254AF9092643}.Release|Any CPU.Build.0 = Release|Any CPU
		{78AF135F-1795-4DEA-8E82-59122D5E6AC8}.Debug|Any CPU.ActiveCfg = Debug|Any CPU
		{78AF135F-1795-4DEA-8E82-59122D5E6AC8}.Debug|Any CPU.Build.0 = Debug|Any CPU
		{78AF135F-1795-4DEA-8E82-59122D5E6AC8}.Release|Any CPU.ActiveCfg = Release|Any CPU
		{78AF135F-1795-4DEA-8E82-59122D5E6AC8}.Release|Any CPU.Build.0 = Release|Any CPU
		{960AF960-C4D5-45E7-B992-9C22DDC0A75A}.Debug|Any CPU.ActiveCfg = Debug|Any CPU
		{960AF960-C4D5-45E7-B992-9C22DDC0A75A}.Debug|Any CPU.Build.0 = Debug|Any CPU
		{960AF960-C4D5-45E7-B992-9C22DDC0A75A}.Release|Any CPU.ActiveCfg = Release|Any CPU
		{960AF960-C4D5-45E7-B992-9C22DDC0A75A}.Release|Any CPU.Build.0 = Release|Any CPU
		{E3C38A27-1A11-48F8-889E-7838498C094C}.Debug|Any CPU.ActiveCfg = Debug|Any CPU
		{E3C38A27-1A11-48F8-889E-7838498C094C}.Debug|Any CPU.Build.0 = Debug|Any CPU
		{E3C38A27-1A11-48F8-889E-7838498C094C}.Release|Any CPU.ActiveCfg = Release|Any CPU
		{E3C38A27-1A11-48F8-889E-7838498C094C}.Release|Any CPU.Build.0 = Release|Any CPU
	EndGlobalSection
EndGlobal
